// !$*UTF8*$!
{
	archiveVersion = 1;
	classes = {
	};
	objectVersion = 46;
	objects = {

/* Begin PBXBuildFile section */
		E09DBDD71E56485800771130 /* AppDelegate.swift in Sources */ = {isa = PBXBuildFile; fileRef = E09DBDD61E56485800771130 /* AppDelegate.swift */; };
		E09DBDD91E56485800771130 /* RecordSoundsViewController.swift in Sources */ = {isa = PBXBuildFile; fileRef = E09DBDD81E56485800771130 /* RecordSoundsViewController.swift */; };
		E09DBDDC1E56485900771130 /* Main.storyboard in Resources */ = {isa = PBXBuildFile; fileRef = E09DBDDA1E56485900771130 /* Main.storyboard */; };
		E09DBDDE1E56485900771130 /* Assets.xcassets in Resources */ = {isa = PBXBuildFile; fileRef = E09DBDDD1E56485900771130 /* Assets.xcassets */; };
		E09DBDE11E56485900771130 /* LaunchScreen.storyboard in Resources */ = {isa = PBXBuildFile; fileRef = E09DBDDF1E56485900771130 /* LaunchScreen.storyboard */; };
		E09DBDEC1E56485900771130 /* Pitch_PerfectTests.swift in Sources */ = {isa = PBXBuildFile; fileRef = E09DBDEB1E56485900771130 /* Pitch_PerfectTests.swift */; };
		E09DBDF71E56489700771130 /* README.md in Sources */ = {isa = PBXBuildFile; fileRef = E09DBDF61E56489700771130 /* README.md */; };
		E09DBDF91E568A6000771130 /* PlaySoundsViewController.swift in Sources */ = {isa = PBXBuildFile; fileRef = E09DBDF81E568A6000771130 /* PlaySoundsViewController.swift */; };
		E09DBDFD1E56993D00771130 /* playsoundsviewcontroller-audio.swift in Sources */ = {isa = PBXBuildFile; fileRef = E09DBDFC1E56993D00771130 /* playsoundsviewcontroller-audio.swift */; };
/* End PBXBuildFile section */

/* Begin PBXContainerItemProxy section */
		E09DBDE81E56485900771130 /* PBXContainerItemProxy */ = {
			isa = PBXContainerItemProxy;
			containerPortal = E09DBDCB1E56485800771130 /* Project object */;
			proxyType = 1;
			remoteGlobalIDString = E09DBDD21E56485800771130;
			remoteInfo = "Pitch Perfect";
		};
/* End PBXContainerItemProxy section */

/* Begin PBXFileReference section */
		E09DBDD31E56485800771130 /* Pitch Perfect.app */ = {isa = PBXFileReference; explicitFileType = wrapper.application; includeInIndex = 0; path = "Pitch Perfect.app"; sourceTree = BUILT_PRODUCTS_DIR; };
		E09DBDD61E56485800771130 /* AppDelegate.swift */ = {isa = PBXFileReference; lastKnownFileType = sourcecode.swift; path = AppDelegate.swift; sourceTree = "<group>"; };
		E09DBDD81E56485800771130 /* RecordSoundsViewController.swift */ = {isa = PBXFileReference; lastKnownFileType = sourcecode.swift; path = RecordSoundsViewController.swift; sourceTree = "<group>"; };
		E09DBDDB1E56485900771130 /* Base */ = {isa = PBXFileReference; lastKnownFileType = file.storyboard; name = Base; path = Base.lproj/Main.storyboard; sourceTree = "<group>"; };
		E09DBDDD1E56485900771130 /* Assets.xcassets */ = {isa = PBXFileReference; lastKnownFileType = folder.assetcatalog; path = Assets.xcassets; sourceTree = "<group>"; };
		E09DBDE01E56485900771130 /* Base */ = {isa = PBXFileReference; lastKnownFileType = file.storyboard; name = Base; path = Base.lproj/LaunchScreen.storyboard; sourceTree = "<group>"; };
		E09DBDE21E56485900771130 /* Info.plist */ = {isa = PBXFileReference; lastKnownFileType = text.plist.xml; path = Info.plist; sourceTree = "<group>"; };
		E09DBDE71E56485900771130 /* Pitch PerfectTests.xctest */ = {isa = PBXFileReference; explicitFileType = wrapper.cfbundle; includeInIndex = 0; path = "Pitch PerfectTests.xctest"; sourceTree = BUILT_PRODUCTS_DIR; };
		E09DBDEB1E56485900771130 /* Pitch_PerfectTests.swift */ = {isa = PBXFileReference; lastKnownFileType = sourcecode.swift; path = Pitch_PerfectTests.swift; sourceTree = "<group>"; };
		E09DBDED1E56485900771130 /* Info.plist */ = {isa = PBXFileReference; lastKnownFileType = text.plist.xml; path = Info.plist; sourceTree = "<group>"; };
		E09DBDF61E56489700771130 /* README.md */ = {isa = PBXFileReference; fileEncoding = 4; lastKnownFileType = net.daringfireball.markdown; path = README.md; sourceTree = "<group>"; };
		E09DBDF81E568A6000771130 /* PlaySoundsViewController.swift */ = {isa = PBXFileReference; fileEncoding = 4; lastKnownFileType = sourcecode.swift; path = PlaySoundsViewController.swift; sourceTree = "<group>"; };
		E09DBDFC1E56993D00771130 /* playsoundsviewcontroller-audio.swift */ = {isa = PBXFileReference; fileEncoding = 4; lastKnownFileType = sourcecode.swift; path = "playsoundsviewcontroller-audio.swift"; sourceTree = "<group>"; };
/* End PBXFileReference section */

/* Begin PBXFrameworksBuildPhase section */
		E09DBDD01E56485800771130 /* Frameworks */ = {
			isa = PBXFrameworksBuildPhase;
			buildActionMask = 2147483647;
			files = (
			);
			runOnlyForDeploymentPostprocessing = 0;
		};
		E09DBDE41E56485900771130 /* Frameworks */ = {
			isa = PBXFrameworksBuildPhase;
			buildActionMask = 2147483647;
			files = (
			);
			runOnlyForDeploymentPostprocessing = 0;
		};
/* End PBXFrameworksBuildPhase section */

/* Begin PBXGroup section */
		E09DBDCA1E56485800771130 = {
			isa = PBXGroup;
			children = (
				E09DBDF61E56489700771130 /* README.md */,
				E09DBDD51E56485800771130 /* Pitch Perfect */,
				E09DBDEA1E56485900771130 /* Pitch PerfectTests */,
				E09DBDD41E56485800771130 /* Products */,
			);
			sourceTree = "<group>";
		};
		E09DBDD41E56485800771130 /* Products */ = {
			isa = PBXGroup;
			children = (
				E09DBDD31E56485800771130 /* Pitch Perfect.app */,
				E09DBDE71E56485900771130 /* Pitch PerfectTests.xctest */,
			);
			name = Products;
			sourceTree = "<group>";
		};
		E09DBDD51E56485800771130 /* Pitch Perfect */ = {
			isa = PBXGroup;
			children = (
				E09DBDFC1E56993D00771130 /* playsoundsviewcontroller-audio.swift */,
				E09DBDD61E56485800771130 /* AppDelegate.swift */,
				E09DBDD81E56485800771130 /* RecordSoundsViewController.swift */,
				E09DBDDA1E56485900771130 /* Main.storyboard */,
				E09DBDDD1E56485900771130 /* Assets.xcassets */,
				E09DBDDF1E56485900771130 /* LaunchScreen.storyboard */,
				E09DBDE21E56485900771130 /* Info.plist */,
				E09DBDF81E568A6000771130 /* PlaySoundsViewController.swift */,
			);
			path = "Pitch Perfect";
			sourceTree = "<group>";
		};
		E09DBDEA1E56485900771130 /* Pitch PerfectTests */ = {
			isa = PBXGroup;
			children = (
				E09DBDEB1E56485900771130 /* Pitch_PerfectTests.swift */,
				E09DBDED1E56485900771130 /* Info.plist */,
			);
			path = "Pitch PerfectTests";
			sourceTree = "<group>";
		};
/* End PBXGroup section */

/* Begin PBXNativeTarget section */
		E09DBDD21E56485800771130 /* Pitch Perfect */ = {
			isa = PBXNativeTarget;
			buildConfigurationList = E09DBDF01E56485900771130 /* Build configuration list for PBXNativeTarget "Pitch Perfect" */;
			buildPhases = (
				E09DBDCF1E56485800771130 /* Sources */,
				E09DBDD01E56485800771130 /* Frameworks */,
				E09DBDD11E56485800771130 /* Resources */,
			);
			buildRules = (
			);
			dependencies = (
			);
			name = "Pitch Perfect";
			productName = "Pitch Perfect";
			productReference = E09DBDD31E56485800771130 /* Pitch Perfect.app */;
			productType = "com.apple.product-type.application";
		};
		E09DBDE61E56485900771130 /* Pitch PerfectTests */ = {
			isa = PBXNativeTarget;
			buildConfigurationList = E09DBDF31E56485900771130 /* Build configuration list for PBXNativeTarget "Pitch PerfectTests" */;
			buildPhases = (
				E09DBDE31E56485900771130 /* Sources */,
				E09DBDE41E56485900771130 /* Frameworks */,
				E09DBDE51E56485900771130 /* Resources */,
			);
			buildRules = (
			);
			dependencies = (
				E09DBDE91E56485900771130 /* PBXTargetDependency */,
			);
			name = "Pitch PerfectTests";
			productName = "Pitch PerfectTests";
			productReference = E09DBDE71E56485900771130 /* Pitch PerfectTests.xctest */;
			productType = "com.apple.product-type.bundle.unit-test";
		};
/* End PBXNativeTarget section */

/* Begin PBXProject section */
		E09DBDCB1E56485800771130 /* Project object */ = {
			isa = PBXProject;
			attributes = {
				LastSwiftUpdateCheck = 0820;
				LastUpgradeCheck = 0820;
				ORGANIZATIONNAME = "Marwan Alani";
				TargetAttributes = {
					E09DBDD21E56485800771130 = {
						CreatedOnToolsVersion = 8.2.1;
						DevelopmentTeam = SBAFWB77LC;
						ProvisioningStyle = Automatic;
					};
					E09DBDE61E56485900771130 = {
						CreatedOnToolsVersion = 8.2.1;
						DevelopmentTeam = SBAFWB77LC;
						ProvisioningStyle = Automatic;
						TestTargetID = E09DBDD21E56485800771130;
					};
				};
			};
			buildConfigurationList = E09DBDCE1E56485800771130 /* Build configuration list for PBXProject "Pitch Perfect" */;
			compatibilityVersion = "Xcode 3.2";
			developmentRegion = English;
			hasScannedForEncodings = 0;
			knownRegions = (
				en,
				Base,
			);
			mainGroup = E09DBDCA1E56485800771130;
			productRefGroup = E09DBDD41E56485800771130 /* Products */;
			projectDirPath = "";
			projectRoot = "";
			targets = (
				E09DBDD21E56485800771130 /* Pitch Perfect */,
				E09DBDE61E56485900771130 /* Pitch PerfectTests */,
			);
		};
/* End PBXProject section */

/* Begin PBXResourcesBuildPhase section */
		E09DBDD11E56485800771130 /* Resources */ = {
			isa = PBXResourcesBuildPhase;
			buildActionMask = 2147483647;
			files = (
				E09DBDE11E56485900771130 /* LaunchScreen.storyboard in Resources */,
				E09DBDDE1E56485900771130 /* Assets.xcassets in Resources */,
				E09DBDDC1E56485900771130 /* Main.storyboard in Resources */,
			);
			runOnlyForDeploymentPostprocessing = 0;
		};
		E09DBDE51E56485900771130 /* Resources */ = {
			isa = PBXResourcesBuildPhase;
			buildActionMask = 2147483647;
			files = (
			);
			runOnlyForDeploymentPostprocessing = 0;
		};
/* End PBXResourcesBuildPhase section */

/* Begin PBXSourcesBuildPhase section */
		E09DBDCF1E56485800771130 /* Sources */ = {
			isa = PBXSourcesBuildPhase;
			buildActionMask = 2147483647;
			files = (
				E09DBDF71E56489700771130 /* README.md in Sources */,
				E09DBDFD1E56993D00771130 /* playsoundsviewcontroller-audio.swift in Sources */,
				E09DBDD91E56485800771130 /* RecordSoundsViewController.swift in Sources */,
				E09DBDF91E568A6000771130 /* PlaySoundsViewController.swift in Sources */,
				E09DBDD71E56485800771130 /* AppDelegate.swift in Sources */,
			);
			runOnlyForDeploymentPostprocessing = 0;
		};
		E09DBDE31E56485900771130 /* Sources */ = {
			isa = PBXSourcesBuildPhase;
			buildActionMask = 2147483647;
			files = (
				E09DBDEC1E56485900771130 /* Pitch_PerfectTests.swift in Sources */,
			);
			runOnlyForDeploymentPostprocessing = 0;
		};
/* End PBXSourcesBuildPhase section */

/* Begin PBXTargetDependency section */
		E09DBDE91E56485900771130 /* PBXTargetDependency */ = {
			isa = PBXTargetDependency;
			target = E09DBDD21E56485800771130 /* Pitch Perfect */;
			targetProxy = E09DBDE81E56485900771130 /* PBXContainerItemProxy */;
		};
/* End PBXTargetDependency section */

/* Begin PBXVariantGroup section */
		E09DBDDA1E56485900771130 /* Main.storyboard */ = {
			isa = PBXVariantGroup;
			children = (
				E09DBDDB1E56485900771130 /* Base */,
			);
			name = Main.storyboard;
			sourceTree = "<group>";
		};
		E09DBDDF1E56485900771130 /* LaunchScreen.storyboard */ = {
			isa = PBXVariantGroup;
			children = (
				E09DBDE01E56485900771130 /* Base */,
			);
			name = LaunchScreen.storyboard;
			sourceTree = "<group>";
		};
/* End PBXVariantGroup section */

/* Begin XCBuildConfiguration section */
		E09DBDEE1E56485900771130 /* Debug */ = {
			isa = XCBuildConfiguration;
			buildSettings = {
				ALWAYS_SEARCH_USER_PATHS = NO;
				CLANG_ANALYZER_NONNULL = YES;
				CLANG_CXX_LANGUAGE_STANDARD = "gnu++0x";
				CLANG_CXX_LIBRARY = "libc++";
				CLANG_ENABLE_MODULES = YES;
				CLANG_ENABLE_OBJC_ARC = YES;
				CLANG_WARN_BOOL_CONVERSION = YES;
				CLANG_WARN_CONSTANT_CONVERSION = YES;
				CLANG_WARN_DIRECT_OBJC_ISA_USAGE = YES_ERROR;
				CLANG_WARN_DOCUMENTATION_COMMENTS = YES;
				CLANG_WARN_EMPTY_BODY = YES;
				CLANG_WARN_ENUM_CONVERSION = YES;
				CLANG_WARN_INFINITE_RECURSION = YES;
				CLANG_WARN_INT_CONVERSION = YES;
				CLANG_WARN_OBJC_ROOT_CLASS = YES_ERROR;
				CLANG_WARN_SUSPICIOUS_MOVE = YES;
				CLANG_WARN_UNREACHABLE_CODE = YES;
				CLANG_WARN__DUPLICATE_METHOD_MATCH = YES;
				"CODE_SIGN_IDENTITY[sdk=iphoneos*]" = "iPhone Developer";
				COPY_PHASE_STRIP = NO;
				DEBUG_INFORMATION_FORMAT = dwarf;
				ENABLE_STRICT_OBJC_MSGSEND = YES;
				ENABLE_TESTABILITY = YES;
				GCC_C_LANGUAGE_STANDARD = gnu99;
				GCC_DYNAMIC_NO_PIC = NO;
				GCC_NO_COMMON_BLOCKS = YES;
				GCC_OPTIMIZATION_LEVEL = 0;
				GCC_PREPROCESSOR_DEFINITIONS = (
					"DEBUG=1",
					"$(inherited)",
				);
				GCC_WARN_64_TO_32_BIT_CONVERSION = YES;
				GCC_WARN_ABOUT_RETURN_TYPE = YES_ERROR;
				GCC_WARN_UNDECLARED_SELECTOR = YES;
				GCC_WARN_UNINITIALIZED_AUTOS = YES_AGGRESSIVE;
				GCC_WARN_UNUSED_FUNCTION = YES;
				GCC_WARN_UNUSED_VARIABLE = YES;
				IPHONEOS_DEPLOYMENT_TARGET = 10.2;
				MTL_ENABLE_DEBUG_INFO = YES;
				ONLY_ACTIVE_ARCH = YES;
				SDKROOT = iphoneos;
				SWIFT_ACTIVE_COMPILATION_CONDITIONS = DEBUG;
				SWIFT_OPTIMIZATION_LEVEL = "-Onone";
				TARGETED_DEVICE_FAMILY = "1,2";
			};
			name = Debug;
		};
		E09DBDEF1E56485900771130 /* Release */ = {
			isa = XCBuildConfiguration;
			buildSettings = {
				ALWAYS_SEARCH_USER_PATHS = NO;
				CLANG_ANALYZER_NONNULL = YES;
				CLANG_CXX_LANGUAGE_STANDARD = "gnu++0x";
				CLANG_CXX_LIBRARY = "libc++";
				CLANG_ENABLE_MODULES = YES;
				CLANG_ENABLE_OBJC_ARC = YES;
				CLANG_WARN_BOOL_CONVERSION = YES;
				CLANG_WARN_CONSTANT_CONVERSION = YES;
				CLANG_WARN_DIRECT_OBJC_ISA_USAGE = YES_ERROR;
				CLANG_WARN_DOCUMENTATION_COMMENTS = YES;
				CLANG_WARN_EMPTY_BODY = YES;
				CLANG_WARN_ENUM_CONVERSION = YES;
				CLANG_WARN_INFINITE_RECURSION = YES;
				CLANG_WARN_INT_CONVERSION = YES;
				CLANG_WARN_OBJC_ROOT_CLASS = YES_ERROR;
				CLANG_WARN_SUSPICIOUS_MOVE = YES;
				CLANG_WARN_UNREACHABLE_CODE = YES;
				CLANG_WARN__DUPLICATE_METHOD_MATCH = YES;
				"CODE_SIGN_IDENTITY[sdk=iphoneos*]" = "iPhone Developer";
				COPY_PHASE_STRIP = NO;
				DEBUG_INFORMATION_FORMAT = "dwarf-with-dsym";
				ENABLE_NS_ASSERTIONS = NO;
				ENABLE_STRICT_OBJC_MSGSEND = YES;
				GCC_C_LANGUAGE_STANDARD = gnu99;
				GCC_NO_COMMON_BLOCKS = YES;
				GCC_WARN_64_TO_32_BIT_CONVERSION = YES;
				GCC_WARN_ABOUT_RETURN_TYPE = YES_ERROR;
				GCC_WARN_UNDECLARED_SELECTOR = YES;
				GCC_WARN_UNINITIALIZED_AUTOS = YES_AGGRESSIVE;
				GCC_WARN_UNUSED_FUNCTION = YES;
				GCC_WARN_UNUSED_VARIABLE = YES;
				IPHONEOS_DEPLOYMENT_TARGET = 10.2;
				MTL_ENABLE_DEBUG_INFO = NO;
				SDKROOT = iphoneos;
				SWIFT_OPTIMIZATION_LEVEL = "-Owholemodule";
				TARGETED_DEVICE_FAMILY = "1,2";
				VALIDATE_PRODUCT = YES;
			};
			name = Release;
		};
		E09DBDF11E56485900771130 /* Debug */ = {
			isa = XCBuildConfiguration;
			buildSettings = {
				ASSETCATALOG_COMPILER_APPICON_NAME = AppIcon;
				DEVELOPMENT_TEAM = SBAFWB77LC;
				INFOPLIST_FILE = "Pitch Perfect/Info.plist";
				LD_RUNPATH_SEARCH_PATHS = "$(inherited) @executable_path/Frameworks";
				PRODUCT_BUNDLE_IDENTIFIER = "ca.alani.Pitch-Perfect";
				PRODUCT_NAME = "$(TARGET_NAME)";
				SWIFT_VERSION = 3.0;
			};
			name = Debug;
		};
		E09DBDF21E56485900771130 /* Release */ = {
			isa = XCBuildConfiguration;
			buildSettings = {
				ASSETCATALOG_COMPILER_APPICON_NAME = AppIcon;
				DEVELOPMENT_TEAM = SBAFWB77LC;
				INFOPLIST_FILE = "Pitch Perfect/Info.plist";
				LD_RUNPATH_SEARCH_PATHS = "$(inherited) @executable_path/Frameworks";
				PRODUCT_BUNDLE_IDENTIFIER = "ca.alani.Pitch-Perfect";
				PRODUCT_NAME = "$(TARGET_NAME)";
				SWIFT_VERSION = 3.0;
			};
			name = Release;
		};
		E09DBDF41E56485900771130 /* Debug */ = {
			isa = XCBuildConfiguration;
			buildSettings = {
				ALWAYS_EMBED_SWIFT_STANDARD_LIBRARIES = YES;
				BUNDLE_LOADER = "$(TEST_HOST)";
				DEVELOPMENT_TEAM = SBAFWB77LC;
				INFOPLIST_FILE = "Pitch PerfectTests/Info.plist";
				LD_RUNPATH_SEARCH_PATHS = "$(inherited) @executable_path/Frameworks @loader_path/Frameworks";
				PRODUCT_BUNDLE_IDENTIFIER = "ca.alani.Pitch-PerfectTests";
				PRODUCT_NAME = "$(TARGET_NAME)";
				SWIFT_VERSION = 3.0;
				TEST_HOST = "$(BUILT_PRODUCTS_DIR)/Pitch Perfect.app/Pitch Perfect";
			};
			name = Debug;
		};
		E09DBDF51E56485900771130 /* Release */ = {
			isa = XCBuildConfiguration;
			buildSettings = {
				ALWAYS_EMBED_SWIFT_STANDARD_LIBRARIES = YES;
				BUNDLE_LOADER = "$(TEST_HOST)";
				DEVELOPMENT_TEAM = SBAFWB77LC;
				INFOPLIST_FILE = "Pitch PerfectTests/Info.plist";
				LD_RUNPATH_SEARCH_PATHS = "$(inherited) @executable_path/Frameworks @loader_path/Frameworks";
				PRODUCT_BUNDLE_IDENTIFIER = "ca.alani.Pitch-PerfectTests";
				PRODUCT_NAME = "$(TARGET_NAME)";
				SWIFT_VERSION = 3.0;
				TEST_HOST = "$(BUILT_PRODUCTS_DIR)/Pitch Perfect.app/Pitch Perfect";
			};
			name = Release;
		};
/* End XCBuildConfiguration section */

/* Begin XCConfigurationList section */
		E09DBDCE1E56485800771130 /* Build configuration list for PBXProject "Pitch Perfect" */ = {
			isa = XCConfigurationList;
			buildConfigurations = (
				E09DBDEE1E56485900771130 /* Debug */,
				E09DBDEF1E56485900771130 /* Release */,
			);
			defaultConfigurationIsVisible = 0;
			defaultConfigurationName = Release;
		};
		E09DBDF01E56485900771130 /* Build configuration list for PBXNativeTarget "Pitch Perfect" */ = {
			isa = XCConfigurationList;
			buildConfigurations = (
				E09DBDF11E56485900771130 /* Debug */,
				E09DBDF21E56485900771130 /* Release */,
			);
			defaultConfigurationIsVisible = 0;
		};
		E09DBDF31E56485900771130 /* Build configuration list for PBXNativeTarget "Pitch PerfectTests" */ = {
			isa = XCConfigurationList;
			buildConfigurations = (
				E09DBDF41E56485900771130 /* Debug */,
				E09DBDF51E56485900771130 /* Release */,
			);
			defaultConfigurationIsVisible = 0;
		};
/* End XCConfigurationList section */
	};
	rootObject = E09DBDCB1E56485800771130 /* Project object */;
}
